
Microsoft Visual Studio Solution File, Format Version 12.00
Project("{FAE04EC0-301F-11D3-BF4B-00C04F79EFBC}") = "TheVyshka", "TheVyshka\TheVyshka.csproj", "{B939565D-617E-4A63-B773-4F8B3E2D9A04}"
EndProject
Project("{FAE04EC0-301F-11D3-BF4B-00C04F79EFBC}") = "TheVyshka.Data", "TheVyshka.Data\TheVyshka.Data.csproj", "{96BC1DCA-16CA-4905-B3F6-FFC327D60927}"
EndProject
Project("{FAE04EC0-301F-11D3-BF4B-00C04F79EFBC}") = "TheVyshka.Core", "TheVyshka.Core\TheVyshka.Core.csproj", "{B82C18DA-C106-4EA0-9C72-B2175BFF30C6}"
EndProject
Project("{FAE04EC0-301F-11D3-BF4B-00C04F79EFBC}") = "TheVyshka.Auth", "TheVyshka.Auth\TheVyshka.Auth.csproj", "{BFE1C8C4-4B60-44C1-8DCE-B2FCBA772FFE}"
EndProject
Global
	GlobalSection(SolutionConfigurationPlatforms) = preSolution
		Debug|Any CPU = Debug|Any CPU
		Release|Any CPU = Release|Any CPU
	EndGlobalSection
	GlobalSection(ProjectConfigurationPlatforms) = postSolution
		{B939565D-617E-4A63-B773-4F8B3E2D9A04}.Debug|Any CPU.ActiveCfg = Debug|Any CPU
		{B939565D-617E-4A63-B773-4F8B3E2D9A04}.Debug|Any CPU.Build.0 = Debug|Any CPU
		{B939565D-617E-4A63-B773-4F8B3E2D9A04}.Release|Any CPU.ActiveCfg = Release|Any CPU
		{B939565D-617E-4A63-B773-4F8B3E2D9A04}.Release|Any CPU.Build.0 = Release|Any CPU
		{96BC1DCA-16CA-4905-B3F6-FFC327D60927}.Debug|Any CPU.ActiveCfg = Debug|Any CPU
		{96BC1DCA-16CA-4905-B3F6-FFC327D60927}.Debug|Any CPU.Build.0 = Debug|Any CPU
		{96BC1DCA-16CA-4905-B3F6-FFC327D60927}.Release|Any CPU.ActiveCfg = Release|Any CPU
		{96BC1DCA-16CA-4905-B3F6-FFC327D60927}.Release|Any CPU.Build.0 = Release|Any CPU
		{B82C18DA-C106-4EA0-9C72-B2175BFF30C6}.Debug|Any CPU.ActiveCfg = Debug|Any CPU
		{B82C18DA-C106-4EA0-9C72-B2175BFF30C6}.Debug|Any CPU.Build.0 = Debug|Any CPU
		{B82C18DA-C106-4EA0-9C72-B2175BFF30C6}.Release|Any CPU.ActiveCfg = Release|Any CPU
		{B82C18DA-C106-4EA0-9C72-B2175BFF30C6}.Release|Any CPU.Build.0 = Release|Any CPU
		{BFE1C8C4-4B60-44C1-8DCE-B2FCBA772FFE}.Debug|Any CPU.ActiveCfg = Debug|Any CPU
		{BFE1C8C4-4B60-44C1-8DCE-B2FCBA772FFE}.Debug|Any CPU.Build.0 = Debug|Any CPU
		{BFE1C8C4-4B60-44C1-8DCE-B2FCBA772FFE}.Release|Any CPU.ActiveCfg = Release|Any CPU
		{BFE1C8C4-4B60-44C1-8DCE-B2FCBA772FFE}.Release|Any CPU.Build.0 = Release|Any CPU
	EndGlobalSection
EndGlobal
